
Microsoft Visual Studio Solution File, Format Version 12.00
# Visual Studio 2012
Project("{FAE04EC0-301F-11D3-BF4B-00C04F79EFBC}") = "Example", "Example\Example.csproj", "{CDBADA96-89BC-4BAE-A215-5E111F2B605C}"
EndProject
Project("{FAE04EC0-301F-11D3-BF4B-00C04F79EFBC}") = "MisterHex.WebCrawling", "WebCrawling\MisterHex.WebCrawling.csproj", "{0CF270DD-2A81-4481-A104-F0E8A6AE9949}"
EndProject
Global
	GlobalSection(SolutionConfigurationPlatforms) = preSolution
		Debug|Any CPU = Debug|Any CPU
		Release|Any CPU = Release|Any CPU
	EndGlobalSection
	GlobalSection(ProjectConfigurationPlatforms) = postSolution
		{CDBADA96-89BC-4BAE-A215-5E111F2B605C}.Debug|Any CPU.ActiveCfg = Debug|Any CPU
		{CDBADA96-89BC-4BAE-A215-5E111F2B605C}.Debug|Any CPU.Build.0 = Debug|Any CPU
		{CDBADA96-89BC-4BAE-A215-5E111F2B605C}.Release|Any CPU.ActiveCfg = Release|Any CPU
		{CDBADA96-89BC-4BAE-A215-5E111F2B605C}.Release|Any CPU.Build.0 = Release|Any CPU
		{0CF270DD-2A81-4481-A104-F0E8A6AE9949}.Debug|Any CPU.ActiveCfg = Debug|Any CPU
		{0CF270DD-2A81-4481-A104-F0E8A6AE9949}.Debug|Any CPU.Build.0 = Debug|Any CPU
		{0CF270DD-2A81-4481-A104-F0E8A6AE9949}.Release|Any CPU.ActiveCfg = Release|Any CPU
		{0CF270DD-2A81-4481-A104-F0E8A6AE9949}.Release|Any CPU.Build.0 = Release|Any CPU
	EndGlobalSection
	GlobalSection(SolutionProperties) = preSolution
		HideSolutionNode = FALSE
	EndGlobalSection
EndGlobal
